{
  "object": {
    "pins": [
      {
        "package": "CarBode",
        "repositoryURL": "https://github.com/heart/CarBode-Barcode-Scanner-For-SwiftUI",
        "state": {
          "branch": null,
          "revision": "6167624ec47174900434f1c03dfa0b2dd5d19c0d",
          "version": "2.2.3"
        }
      },
      {
        "package": "CodeScanner",
        "repositoryURL": "https://github.com/twostraws/CodeScanner",
        "state": {
          "branch": null,
          "revision": "a2144ddaa7c43a6ee00873edd4cc7815ad97942f",
          "version": "1.0.7"
        }
      }
    ]
  },
  "version": 1
}
